{
  "name": "ekol-tnv-notifications",
  "version": "0.1.0",
  "lockfileVersion": 1,
  "requires": true,
  "dependencies": {
    "data-uri-to-buffer": {
      "version": "3.0.1",
      "resolved": "https://registry.npmjs.org/data-uri-to-buffer/-/data-uri-to-buffer-3.0.1.tgz",
      "integrity": "sha512-WboRycPNsVw3B3TL559F7kuBUM4d8CgMEvk6xEJlOp7OBPjt6G7z8WMWlD2rOFZLk6OYfFIUGsCOWzcQH9K2og=="
    },
    "dotenv": {
      "version": "10.0.0",
      "resolved": "https://registry.npmjs.org/dotenv/-/dotenv-10.0.0.tgz",
      "integrity": "sha512-rlBi9d8jpv9Sf1klPjNfFAuWDjKLwTIJJ/VxtoTwIR6hnZxcEOQCZg2oIL3MWBYw5GpUDKOEnND7LXTbIpQ03Q=="
    },
    "fetch-blob": {
      "version": "3.1.2",
      "resolved": "https://registry.npmjs.org/fetch-blob/-/fetch-blob-3.1.2.tgz",
      "integrity": "sha512-hunJbvy/6OLjCD0uuhLdp0mMPzP/yd2ssd1t2FCJsaA7wkWhpbp9xfuNVpv7Ll4jFhzp6T4LAupSiV9uOeg0VQ==",
      "requires": {
        "web-streams-polyfill": "^3.0.3"
      }
    },
    "node-fetch": {
      "version": "3.0.0",
      "resolved": "https://registry.npmjs.org/node-fetch/-/node-fetch-3.0.0.tgz",
      "integrity": "sha512-bKMI+C7/T/SPU1lKnbQbwxptpCrG9ashG+VkytmXCPZyuM9jB6VU+hY0oi4lC8LxTtAeWdckNCTa3nrGsAdA3Q==",
      "requires": {
        "data-uri-to-buffer": "^3.0.1",
        "fetch-blob": "^3.1.2"
      }
    },
    "playwright-chromium": {
      "version": "1.23.4",
      "resolved": "https://registry.npmjs.org/playwright-chromium/-/playwright-chromium-1.23.4.tgz",
      "integrity": "sha512-aqiOpX76107knxZqydyd0snNHiU6wgGwmQUFA8MEbG6sVjvjF8fS8Uy6n39z9U52pSpRFGPBP8dfkTkXBokkqQ==",
      "requires": {
        "playwright-core": "1.23.4"
      },
      "dependencies": {
        "playwright-core": {
          "version": "1.23.4",
          "resolved": "https://registry.npmjs.org/playwright-core/-/playwright-core-1.23.4.tgz",
          "integrity": "sha512-h5V2yw7d8xIwotjyNrkLF13nV9RiiZLHdXeHo+nVJIYGVlZ8U2qV0pMxNJKNTvfQVT0N8/A4CW6/4EW2cOcTiA=="
        }
      }
    },
    "web-streams-polyfill": {
      "version": "3.1.1",
      "resolved": "https://registry.npmjs.org/web-streams-polyfill/-/web-streams-polyfill-3.1.1.tgz",
      "integrity": "sha512-Czi3fG883e96T4DLEPRvufrF2ydhOOW1+1a6c3gNjH2aIh50DNFBdfwh2AKoOf1rXvpvavAoA11Qdq9+BKjE0Q=="
    },
    "yaml": {
      "version": "1.10.2",
      "resolved": "https://registry.npmjs.org/yaml/-/yaml-1.10.2.tgz",
      "integrity": "sha512-r3vXyErRCYJ7wg28yvBY5VSoAF8ZvlcW9/BwUzEtUsjvX/DKs24dIkuwjtuprwJJHsbyUbLApepYTR1BN4uHrg=="
    }
  }
}
